Microsoft Visual Studio Solution File, Format Version 12.00
# Visual Studio Version 17
VisualStudioVersion = 17.5.2.0
MinimumVisualStudioVersion = 10.0.40219.1
Project("{2150E333-8FDC-42A3-9474-1A3956D46DE8}") = "api", "api", "{D82C56D6-B2CD-F611-9E31-04638F7EC30E}"
EndProject
Project("{FAE04EC0-301F-11D3-BF4B-00C04F79EFBC}") = "Hobdex.Api", "api\Hobdex.Api\Hobdex.Api.csproj", "{EABA79D7-63F8-8410-CEF6-13476ED0689F}"
EndProject
Global
	GlobalSection(SolutionConfigurationPlatforms) = preSolution
		Debug|Any CPU = Debug|Any CPU
		Release|Any CPU = Release|Any CPU
	EndGlobalSection
	GlobalSection(ProjectConfigurationPlatforms) = postSolution
		{EABA79D7-63F8-8410-CEF6-13476ED0689F}.Debug|Any CPU.ActiveCfg = Debug|Any CPU
		{EABA79D7-63F8-8410-CEF6-13476ED0689F}.Debug|Any CPU.Build.0 = Debug|Any CPU
		{EABA79D7-63F8-8410-CEF6-13476ED0689F}.Release|Any CPU.ActiveCfg = Release|Any CPU
		{EABA79D7-63F8-8410-CEF6-13476ED0689F}.Release|Any CPU.Build.0 = Release|Any CPU
	EndGlobalSection
	GlobalSection(SolutionProperties) = preSolution
		HideSolutionNode = FALSE
	EndGlobalSection
	GlobalSection(NestedProjects) = preSolution
		{EABA79D7-63F8-8410-CEF6-13476ED0689F} = {D82C56D6-B2CD-F611-9E31-04638F7EC30E}
	EndGlobalSection
	GlobalSection(ExtensibilityGlobals) = postSolution
		SolutionGuid = {03AA7F89-2D3B-42E4-908C-7334D98724DD}
	EndGlobalSection
EndGlobal
